
Microsoft Visual Studio Solution File, Format Version 12.00
# Visual Studio Version 16
VisualStudioVersion = 16.0.30717.126
MinimumVisualStudioVersion = 10.0.40219.1
Project("{FAE04EC0-301F-11D3-BF4B-00C04F79EFBC}") = "RabbitMQConsumer", "RabbitMQConsumer\RabbitMQConsumer.csproj", "{C8949292-D6D9-49CE-A332-173A6F46C410}"
EndProject
Global
	GlobalSection(SolutionConfigurationPlatforms) = preSolution
		Debug|Any CPU = Debug|Any CPU
		Release|Any CPU = Release|Any CPU
	EndGlobalSection
	GlobalSection(ProjectConfigurationPlatforms) = postSolution
		{C8949292-D6D9-49CE-A332-173A6F46C410}.Debug|Any CPU.ActiveCfg = Debug|Any CPU
		{C8949292-D6D9-49CE-A332-173A6F46C410}.Debug|Any CPU.Build.0 = Debug|Any CPU
		{C8949292-D6D9-49CE-A332-173A6F46C410}.Release|Any CPU.ActiveCfg = Release|Any CPU
		{C8949292-D6D9-49CE-A332-173A6F46C410}.Release|Any CPU.Build.0 = Release|Any CPU
	EndGlobalSection
	GlobalSection(SolutionProperties) = preSolution
		HideSolutionNode = FALSE
	EndGlobalSection
	GlobalSection(ExtensibilityGlobals) = postSolution
		SolutionGuid = {EC5CD63E-9DA4-484D-8FCE-BA16FE681292}
	EndGlobalSection
EndGlobal
